// !$*UTF8*$!
{
	archiveVersion = 1;
	classes = {
	};
	objectVersion = 46;
	objects = {

/* Begin PBXBuildFile section */
		30246ED01C06626800573D5F /* AudioToolbox.framework in Frameworks */ = {isa = PBXBuildFile; fileRef = 30246ECF1C06626800573D5F /* AudioToolbox.framework */; };
		30246ED21C06627800573D5F /* CFNetwork.framework in Frameworks */ = {isa = PBXBuildFile; fileRef = 30246ED11C06627800573D5F /* CFNetwork.framework */; };
		30246ED41C06628B00573D5F /* CoreGraphics.framework in Frameworks */ = {isa = PBXBuildFile; fileRef = 30246ED31C06628B00573D5F /* CoreGraphics.framework */; };
		30246ED61C06629400573D5F /* CoreLocation.framework in Frameworks */ = {isa = PBXBuildFile; fileRef = 30246ED51C06629400573D5F /* CoreLocation.framework */; };
		30246ED81C06629D00573D5F /* QuartzCore.framework in Frameworks */ = {isa = PBXBuildFile; fileRef = 30246ED71C06629D00573D5F /* QuartzCore.framework */; };
		30246EDA1C0662A500573D5F /* Security.framework in Frameworks */ = {isa = PBXBuildFile; fileRef = 30246ED91C0662A500573D5F /* Security.framework */; };
		30246EDC1C0662AE00573D5F /* StoreKit.framework in Frameworks */ = {isa = PBXBuildFile; fileRef = 30246EDB1C0662AE00573D5F /* StoreKit.framework */; };
		30246EDE1C0662B700573D5F /* SystemConfiguration.framework in Frameworks */ = {isa = PBXBuildFile; fileRef = 30246EDD1C0662B700573D5F /* SystemConfiguration.framework */; };
		30246EE01C0662CB00573D5F /* libz.tbd in Frameworks */ = {isa = PBXBuildFile; fileRef = 30246EDF1C0662CB00573D5F /* libz.tbd */; };
		30246EE21C0662DD00573D5F /* libsqlite3.tbd in Frameworks */ = {isa = PBXBuildFile; fileRef = 30246EE11C0662DD00573D5F /* libsqlite3.tbd */; };
		30246F0D1C06939400573D5F /* Reminder.m in Sources */ = {isa = PBXBuildFile; fileRef = 30246F0C1C06939400573D5F /* Reminder.m */; };
		30246F151C06DA4400573D5F /* Bolts.framework in Frameworks */ = {isa = PBXBuildFile; fileRef = 30246F0F1C06DA4400573D5F /* Bolts.framework */; };
		30246F161C06DA4400573D5F /* Parse.framework in Frameworks */ = {isa = PBXBuildFile; fileRef = 30246F101C06DA4400573D5F /* Parse.framework */; };
		30246F171C06DA4400573D5F /* ParseFacebookUtils.framework in Frameworks */ = {isa = PBXBuildFile; fileRef = 30246F111C06DA4400573D5F /* ParseFacebookUtils.framework */; };
		30246F181C06DA4400573D5F /* ParseFacebookUtilsV4.framework in Frameworks */ = {isa = PBXBuildFile; fileRef = 30246F121C06DA4400573D5F /* ParseFacebookUtilsV4.framework */; };
		30246F191C06DA4400573D5F /* ParseTwitterUtils.framework in Frameworks */ = {isa = PBXBuildFile; fileRef = 30246F131C06DA4400573D5F /* ParseTwitterUtils.framework */; };
		30246F1A1C06DA4400573D5F /* ParseUI.framework in Frameworks */ = {isa = PBXBuildFile; fileRef = 30246F141C06DA4400573D5F /* ParseUI.framework */; };
		309EF1791C03AE8F00B6ADE7 /* main.m in Sources */ = {isa = PBXBuildFile; fileRef = 309EF1781C03AE8F00B6ADE7 /* main.m */; };
		309EF17C1C03AE8F00B6ADE7 /* AppDelegate.m in Sources */ = {isa = PBXBuildFile; fileRef = 309EF17B1C03AE8F00B6ADE7 /* AppDelegate.m */; };
		309EF17F1C03AE8F00B6ADE7 /* ViewController.m in Sources */ = {isa = PBXBuildFile; fileRef = 309EF17E1C03AE8F00B6ADE7 /* ViewController.m */; };
		309EF1821C03AE8F00B6ADE7 /* Main.storyboard in Resources */ = {isa = PBXBuildFile; fileRef = 309EF1801C03AE8F00B6ADE7 /* Main.storyboard */; };
		309EF1841C03AE8F00B6ADE7 /* Assets.xcassets in Resources */ = {isa = PBXBuildFile; fileRef = 309EF1831C03AE8F00B6ADE7 /* Assets.xcassets */; };
		309EF1871C03AE8F00B6ADE7 /* LaunchScreen.storyboard in Resources */ = {isa = PBXBuildFile; fileRef = 309EF1851C03AE8F00B6ADE7 /* LaunchScreen.storyboard */; };
		309EF1921C03AE9000B6ADE7 /* ReminderTests.m in Sources */ = {isa = PBXBuildFile; fileRef = 309EF1911C03AE9000B6ADE7 /* ReminderTests.m */; };
		309EF19D1C03AE9000B6ADE7 /* ReminderUITests.m in Sources */ = {isa = PBXBuildFile; fileRef = 309EF19C1C03AE9000B6ADE7 /* ReminderUITests.m */; };
		309EF1AB1C03AECC00B6ADE7 /* MapKit.framework in Frameworks */ = {isa = PBXBuildFile; fileRef = 309EF1AA1C03AECC00B6ADE7 /* MapKit.framework */; };
		309EF1B11C05062E00B6ADE7 /* Constants.m in Sources */ = {isa = PBXBuildFile; fileRef = 309EF1B01C05062E00B6ADE7 /* Constants.m */; };
		309EF1B41C05086800B6ADE7 /* LocationController.m in Sources */ = {isa = PBXBuildFile; fileRef = 309EF1B31C05086800B6ADE7 /* LocationController.m */; };
		309EF1B71C053BE600B6ADE7 /* DetailViewController.m in Sources */ = {isa = PBXBuildFile; fileRef = 309EF1B61C053BE600B6ADE7 /* DetailViewController.m */; };
/* End PBXBuildFile section */

/* Begin PBXContainerItemProxy section */
		309EF18E1C03AE9000B6ADE7 /* PBXContainerItemProxy */ = {
			isa = PBXContainerItemProxy;
			containerPortal = 309EF16C1C03AE8F00B6ADE7 /* Project object */;
			proxyType = 1;
			remoteGlobalIDString = 309EF1731C03AE8F00B6ADE7;
			remoteInfo = Reminder;
		};
		309EF1991C03AE9000B6ADE7 /* PBXContainerItemProxy */ = {
			isa = PBXContainerItemProxy;
			containerPortal = 309EF16C1C03AE8F00B6ADE7 /* Project object */;
			proxyType = 1;
			remoteGlobalIDString = 309EF1731C03AE8F00B6ADE7;
			remoteInfo = Reminder;
		};
/* End PBXContainerItemProxy section */

/* Begin PBXFileReference section */
		30246ECF1C06626800573D5F /* AudioToolbox.framework */ = {isa = PBXFileReference; lastKnownFileType = wrapper.framework; name = AudioToolbox.framework; path = System/Library/Frameworks/AudioToolbox.framework; sourceTree = SDKROOT; };
		30246ED11C06627800573D5F /* CFNetwork.framework */ = {isa = PBXFileReference; lastKnownFileType = wrapper.framework; name = CFNetwork.framework; path = System/Library/Frameworks/CFNetwork.framework; sourceTree = SDKROOT; };
		30246ED31C06628B00573D5F /* CoreGraphics.framework */ = {isa = PBXFileReference; lastKnownFileType = wrapper.framework; name = CoreGraphics.framework; path = System/Library/Frameworks/CoreGraphics.framework; sourceTree = SDKROOT; };
		30246ED51C06629400573D5F /* CoreLocation.framework */ = {isa = PBXFileReference; lastKnownFileType = wrapper.framework; name = CoreLocation.framework; path = System/Library/Frameworks/CoreLocation.framework; sourceTree = SDKROOT; };
		30246ED71C06629D00573D5F /* QuartzCore.framework */ = {isa = PBXFileReference; lastKnownFileType = wrapper.framework; name = QuartzCore.framework; path = System/Library/Frameworks/QuartzCore.framework; sourceTree = SDKROOT; };
		30246ED91C0662A500573D5F /* Security.framework */ = {isa = PBXFileReference; lastKnownFileType = wrapper.framework; name = Security.framework; path = System/Library/Frameworks/Security.framework; sourceTree = SDKROOT; };
		30246EDB1C0662AE00573D5F /* StoreKit.framework */ = {isa = PBXFileReference; lastKnownFileType = wrapper.framework; name = StoreKit.framework; path = System/Library/Frameworks/StoreKit.framework; sourceTree = SDKROOT; };
		30246EDD1C0662B700573D5F /* SystemConfiguration.framework */ = {isa = PBXFileReference; lastKnownFileType = wrapper.framework; name = SystemConfiguration.framework; path = System/Library/Frameworks/SystemConfiguration.framework; sourceTree = SDKROOT; };
		30246EDF1C0662CB00573D5F /* libz.tbd */ = {isa = PBXFileReference; lastKnownFileType = "sourcecode.text-based-dylib-definition"; name = libz.tbd; path = usr/lib/libz.tbd; sourceTree = SDKROOT; };
		30246EE11C0662DD00573D5F /* libsqlite3.tbd */ = {isa = PBXFileReference; lastKnownFileType = "sourcecode.text-based-dylib-definition"; name = libsqlite3.tbd; path = usr/lib/libsqlite3.tbd; sourceTree = SDKROOT; };
		30246F0B1C06939400573D5F /* Reminder.h */ = {isa = PBXFileReference; fileEncoding = 4; lastKnownFileType = sourcecode.c.h; path = Reminder.h; sourceTree = "<group>"; };
		30246F0C1C06939400573D5F /* Reminder.m */ = {isa = PBXFileReference; fileEncoding = 4; lastKnownFileType = sourcecode.c.objc; path = Reminder.m; sourceTree = "<group>"; };
		30246F0F1C06DA4400573D5F /* Bolts.framework */ = {isa = PBXFileReference; lastKnownFileType = wrapper.framework; path = Bolts.framework; sourceTree = "<group>"; };
		30246F101C06DA4400573D5F /* Parse.framework */ = {isa = PBXFileReference; lastKnownFileType = wrapper.framework; path = Parse.framework; sourceTree = "<group>"; };
		30246F111C06DA4400573D5F /* ParseFacebookUtils.framework */ = {isa = PBXFileReference; lastKnownFileType = wrapper.framework; path = ParseFacebookUtils.framework; sourceTree = "<group>"; };
		30246F121C06DA4400573D5F /* ParseFacebookUtilsV4.framework */ = {isa = PBXFileReference; lastKnownFileType = wrapper.framework; path = ParseFacebookUtilsV4.framework; sourceTree = "<group>"; };
		30246F131C06DA4400573D5F /* ParseTwitterUtils.framework */ = {isa = PBXFileReference; lastKnownFileType = wrapper.framework; path = ParseTwitterUtils.framework; sourceTree = "<group>"; };
		30246F141C06DA4400573D5F /* ParseUI.framework */ = {isa = PBXFileReference; lastKnownFileType = wrapper.framework; path = ParseUI.framework; sourceTree = "<group>"; };
		309EF1741C03AE8F00B6ADE7 /* Reminder.app */ = {isa = PBXFileReference; explicitFileType = wrapper.application; includeInIndex = 0; path = Reminder.app; sourceTree = BUILT_PRODUCTS_DIR; };
		309EF1781C03AE8F00B6ADE7 /* main.m */ = {isa = PBXFileReference; lastKnownFileType = sourcecode.c.objc; path = main.m; sourceTree = "<group>"; };
		309EF17A1C03AE8F00B6ADE7 /* AppDelegate.h */ = {isa = PBXFileReference; lastKnownFileType = sourcecode.c.h; path = AppDelegate.h; sourceTree = "<group>"; };
		309EF17B1C03AE8F00B6ADE7 /* AppDelegate.m */ = {isa = PBXFileReference; lastKnownFileType = sourcecode.c.objc; path = AppDelegate.m; sourceTree = "<group>"; };
		309EF17D1C03AE8F00B6ADE7 /* ViewController.h */ = {isa = PBXFileReference; lastKnownFileType = sourcecode.c.h; path = ViewController.h; sourceTree = "<group>"; };
		309EF17E1C03AE8F00B6ADE7 /* ViewController.m */ = {isa = PBXFileReference; lastKnownFileType = sourcecode.c.objc; path = ViewController.m; sourceTree = "<group>"; };
		309EF1811C03AE8F00B6ADE7 /* Base */ = {isa = PBXFileReference; lastKnownFileType = file.storyboard; name = Base; path = Base.lproj/Main.storyboard; sourceTree = "<group>"; };
		309EF1831C03AE8F00B6ADE7 /* Assets.xcassets */ = {isa = PBXFileReference; lastKnownFileType = folder.assetcatalog; path = Assets.xcassets; sourceTree = "<group>"; };
		309EF1861C03AE8F00B6ADE7 /* Base */ = {isa = PBXFileReference; lastKnownFileType = file.storyboard; name = Base; path = Base.lproj/LaunchScreen.storyboard; sourceTree = "<group>"; };
		309EF1881C03AE8F00B6ADE7 /* Info.plist */ = {isa = PBXFileReference; lastKnownFileType = text.plist.xml; path = Info.plist; sourceTree = "<group>"; };
		309EF18D1C03AE9000B6ADE7 /* ReminderTests.xctest */ = {isa = PBXFileReference; explicitFileType = wrapper.cfbundle; includeInIndex = 0; path = ReminderTests.xctest; sourceTree = BUILT_PRODUCTS_DIR; };
		309EF1911C03AE9000B6ADE7 /* ReminderTests.m */ = {isa = PBXFileReference; lastKnownFileType = sourcecode.c.objc; path = ReminderTests.m; sourceTree = "<group>"; };
		309EF1931C03AE9000B6ADE7 /* Info.plist */ = {isa = PBXFileReference; lastKnownFileType = text.plist.xml; path = Info.plist; sourceTree = "<group>"; };
		309EF1981C03AE9000B6ADE7 /* ReminderUITests.xctest */ = {isa = PBXFileReference; explicitFileType = wrapper.cfbundle; includeInIndex = 0; path = ReminderUITests.xctest; sourceTree = BUILT_PRODUCTS_DIR; };
		309EF19C1C03AE9000B6ADE7 /* ReminderUITests.m */ = {isa = PBXFileReference; lastKnownFileType = sourcecode.c.objc; path = ReminderUITests.m; sourceTree = "<group>"; };
		309EF19E1C03AE9000B6ADE7 /* Info.plist */ = {isa = PBXFileReference; lastKnownFileType = text.plist.xml; path = Info.plist; sourceTree = "<group>"; };
		309EF1AA1C03AECC00B6ADE7 /* MapKit.framework */ = {isa = PBXFileReference; lastKnownFileType = wrapper.framework; name = MapKit.framework; path = System/Library/Frameworks/MapKit.framework; sourceTree = SDKROOT; };
		309EF1AF1C05062E00B6ADE7 /* Constants.h */ = {isa = PBXFileReference; fileEncoding = 4; lastKnownFileType = sourcecode.c.h; path = Constants.h; sourceTree = "<group>"; };
		309EF1B01C05062E00B6ADE7 /* Constants.m */ = {isa = PBXFileReference; fileEncoding = 4; lastKnownFileType = sourcecode.c.objc; path = Constants.m; sourceTree = "<group>"; };
		309EF1B21C05086800B6ADE7 /* LocationController.h */ = {isa = PBXFileReference; fileEncoding = 4; lastKnownFileType = sourcecode.c.h; path = LocationController.h; sourceTree = "<group>"; };
		309EF1B31C05086800B6ADE7 /* LocationController.m */ = {isa = PBXFileReference; fileEncoding = 4; lastKnownFileType = sourcecode.c.objc; path = LocationController.m; sourceTree = "<group>"; };
		309EF1B51C053BE600B6ADE7 /* DetailViewController.h */ = {isa = PBXFileReference; fileEncoding = 4; lastKnownFileType = sourcecode.c.h; path = DetailViewController.h; sourceTree = "<group>"; };
		309EF1B61C053BE600B6ADE7 /* DetailViewController.m */ = {isa = PBXFileReference; fileEncoding = 4; lastKnownFileType = sourcecode.c.objc; path = DetailViewController.m; sourceTree = "<group>"; };
/* End PBXFileReference section */

/* Begin PBXFrameworksBuildPhase section */
		309EF1711C03AE8F00B6ADE7 /* Frameworks */ = {
			isa = PBXFrameworksBuildPhase;
			buildActionMask = 2147483647;
			files = (
				30246F171C06DA4400573D5F /* ParseFacebookUtils.framework in Frameworks */,
				30246EE21C0662DD00573D5F /* libsqlite3.tbd in Frameworks */,
				30246EE01C0662CB00573D5F /* libz.tbd in Frameworks */,
				30246EDE1C0662B700573D5F /* SystemConfiguration.framework in Frameworks */,
				30246F151C06DA4400573D5F /* Bolts.framework in Frameworks */,
				30246EDC1C0662AE00573D5F /* StoreKit.framework in Frameworks */,
				30246F191C06DA4400573D5F /* ParseTwitterUtils.framework in Frameworks */,
				30246EDA1C0662A500573D5F /* Security.framework in Frameworks */,
				30246F161C06DA4400573D5F /* Parse.framework in Frameworks */,
				30246F1A1C06DA4400573D5F /* ParseUI.framework in Frameworks */,
				30246ED81C06629D00573D5F /* QuartzCore.framework in Frameworks */,
				30246ED61C06629400573D5F /* CoreLocation.framework in Frameworks */,
				30246ED41C06628B00573D5F /* CoreGraphics.framework in Frameworks */,
				30246ED21C06627800573D5F /* CFNetwork.framework in Frameworks */,
				30246ED01C06626800573D5F /* AudioToolbox.framework in Frameworks */,
				309EF1AB1C03AECC00B6ADE7 /* MapKit.framework in Frameworks */,
				30246F181C06DA4400573D5F /* ParseFacebookUtilsV4.framework in Frameworks */,
			);
			runOnlyForDeploymentPostprocessing = 0;
		};
		309EF18A1C03AE9000B6ADE7 /* Frameworks */ = {
			isa = PBXFrameworksBuildPhase;
			buildActionMask = 2147483647;
			files = (
			);
			runOnlyForDeploymentPostprocessing = 0;
		};
		309EF1951C03AE9000B6ADE7 /* Frameworks */ = {
			isa = PBXFrameworksBuildPhase;
			buildActionMask = 2147483647;
			files = (
			);
			runOnlyForDeploymentPostprocessing = 0;
		};
/* End PBXFrameworksBuildPhase section */

/* Begin PBXGroup section */
		30246EE31C06636500573D5F /* FrameWorks */ = {
			isa = PBXGroup;
			children = (
				309EF1AA1C03AECC00B6ADE7 /* MapKit.framework */,
				30246EF01C0669D400573D5F /* Parse */,
			);
			name = FrameWorks;
			sourceTree = "<group>";
		};
		30246EF01C0669D400573D5F /* Parse */ = {
			isa = PBXGroup;
			children = (
				30246F0F1C06DA4400573D5F /* Bolts.framework */,
				30246F101C06DA4400573D5F /* Parse.framework */,
				30246F111C06DA4400573D5F /* ParseFacebookUtils.framework */,
				30246F121C06DA4400573D5F /* ParseFacebookUtilsV4.framework */,
				30246F131C06DA4400573D5F /* ParseTwitterUtils.framework */,
				30246F141C06DA4400573D5F /* ParseUI.framework */,
				30246EE11C0662DD00573D5F /* libsqlite3.tbd */,
				30246EDF1C0662CB00573D5F /* libz.tbd */,
				30246EDD1C0662B700573D5F /* SystemConfiguration.framework */,
				30246EDB1C0662AE00573D5F /* StoreKit.framework */,
				30246ED91C0662A500573D5F /* Security.framework */,
				30246ED71C06629D00573D5F /* QuartzCore.framework */,
				30246ED51C06629400573D5F /* CoreLocation.framework */,
				30246ED31C06628B00573D5F /* CoreGraphics.framework */,
				30246ED11C06627800573D5F /* CFNetwork.framework */,
				30246ECF1C06626800573D5F /* AudioToolbox.framework */,
			);
			name = Parse;
			sourceTree = "<group>";
		};
		30246F0E1C0693A000573D5F /* Model */ = {
			isa = PBXGroup;
			children = (
				30246F0B1C06939400573D5F /* Reminder.h */,
				30246F0C1C06939400573D5F /* Reminder.m */,
			);
			name = Model;
			sourceTree = "<group>";
		};
		309EF16B1C03AE8F00B6ADE7 = {
			isa = PBXGroup;
			children = (
				309EF1761C03AE8F00B6ADE7 /* Reminder */,
				30246F0E1C0693A000573D5F /* Model */,
				309EF1771C03AE8F00B6ADE7 /* Supporting Files */,
				30246EE31C06636500573D5F /* FrameWorks */,
				309EF1901C03AE9000B6ADE7 /* ReminderTests */,
				309EF19B1C03AE9000B6ADE7 /* ReminderUITests */,
				309EF1751C03AE8F00B6ADE7 /* Products */,
			);
			sourceTree = "<group>";
		};
		309EF1751C03AE8F00B6ADE7 /* Products */ = {
			isa = PBXGroup;
			children = (
				309EF1741C03AE8F00B6ADE7 /* Reminder.app */,
				309EF18D1C03AE9000B6ADE7 /* ReminderTests.xctest */,
				309EF1981C03AE9000B6ADE7 /* ReminderUITests.xctest */,
			);
			name = Products;
			sourceTree = "<group>";
		};
		309EF1761C03AE8F00B6ADE7 /* Reminder */ = {
			isa = PBXGroup;
			children = (
				309EF1AC1C05052500B6ADE7 /* App */,
				309EF1AD1C05053500B6ADE7 /* Controller */,
				309EF1AE1C05054A00B6ADE7 /* View */,
			);
			path = Reminder;
			sourceTree = "<group>";
		};
		309EF1771C03AE8F00B6ADE7 /* Supporting Files */ = {
			isa = PBXGroup;
			children = (
				309EF1881C03AE8F00B6ADE7 /* Info.plist */,
				309EF1781C03AE8F00B6ADE7 /* main.m */,
			);
			name = "Supporting Files";
			path = Reminder;
			sourceTree = "<group>";
		};
		309EF1901C03AE9000B6ADE7 /* ReminderTests */ = {
			isa = PBXGroup;
			children = (
				309EF1911C03AE9000B6ADE7 /* ReminderTests.m */,
				309EF1931C03AE9000B6ADE7 /* Info.plist */,
			);
			path = ReminderTests;
			sourceTree = "<group>";
		};
		309EF19B1C03AE9000B6ADE7 /* ReminderUITests */ = {
			isa = PBXGroup;
			children = (
				309EF19C1C03AE9000B6ADE7 /* ReminderUITests.m */,
				309EF19E1C03AE9000B6ADE7 /* Info.plist */,
			);
			path = ReminderUITests;
			sourceTree = "<group>";
		};
		309EF1AC1C05052500B6ADE7 /* App */ = {
			isa = PBXGroup;
			children = (
				309EF17A1C03AE8F00B6ADE7 /* AppDelegate.h */,
				309EF17B1C03AE8F00B6ADE7 /* AppDelegate.m */,
			);
			name = App;
			sourceTree = "<group>";
		};
		309EF1AD1C05053500B6ADE7 /* Controller */ = {
			isa = PBXGroup;
			children = (
				309EF1AF1C05062E00B6ADE7 /* Constants.h */,
				309EF1B01C05062E00B6ADE7 /* Constants.m */,
				309EF17D1C03AE8F00B6ADE7 /* ViewController.h */,
				309EF17E1C03AE8F00B6ADE7 /* ViewController.m */,
				309EF1B21C05086800B6ADE7 /* LocationController.h */,
				309EF1B31C05086800B6ADE7 /* LocationController.m */,
				309EF1B51C053BE600B6ADE7 /* DetailViewController.h */,
				309EF1B61C053BE600B6ADE7 /* DetailViewController.m */,
			);
			name = Controller;
			sourceTree = "<group>";
		};
		309EF1AE1C05054A00B6ADE7 /* View */ = {
			isa = PBXGroup;
			children = (
				309EF1801C03AE8F00B6ADE7 /* Main.storyboard */,
				309EF1831C03AE8F00B6ADE7 /* Assets.xcassets */,
				309EF1851C03AE8F00B6ADE7 /* LaunchScreen.storyboard */,
			);
			name = View;
			sourceTree = "<group>";
		};
/* End PBXGroup section */

/* Begin PBXNativeTarget section */
		309EF1731C03AE8F00B6ADE7 /* Reminder */ = {
			isa = PBXNativeTarget;
			buildConfigurationList = 309EF1A11C03AE9000B6ADE7 /* Build configuration list for PBXNativeTarget "Reminder" */;
			buildPhases = (
				309EF1701C03AE8F00B6ADE7 /* Sources */,
				309EF1711C03AE8F00B6ADE7 /* Frameworks */,
				309EF1721C03AE8F00B6ADE7 /* Resources */,
			);
			buildRules = (
			);
			dependencies = (
			);
			name = Reminder;
			productName = Reminder;
			productReference = 309EF1741C03AE8F00B6ADE7 /* Reminder.app */;
			productType = "com.apple.product-type.application";
		};
		309EF18C1C03AE9000B6ADE7 /* ReminderTests */ = {
			isa = PBXNativeTarget;
			buildConfigurationList = 309EF1A41C03AE9000B6ADE7 /* Build configuration list for PBXNativeTarget "ReminderTests" */;
			buildPhases = (
				309EF1891C03AE9000B6ADE7 /* Sources */,
				309EF18A1C03AE9000B6ADE7 /* Frameworks */,
				309EF18B1C03AE9000B6ADE7 /* Resources */,
			);
			buildRules = (
			);
			dependencies = (
				309EF18F1C03AE9000B6ADE7 /* PBXTargetDependency */,
			);
			name = ReminderTests;
			productName = ReminderTests;
			productReference = 309EF18D1C03AE9000B6ADE7 /* ReminderTests.xctest */;
			productType = "com.apple.product-type.bundle.unit-test";
		};
		309EF1971C03AE9000B6ADE7 /* ReminderUITests */ = {
			isa = PBXNativeTarget;
			buildConfigurationList = 309EF1A71C03AE9000B6ADE7 /* Build configuration list for PBXNativeTarget "ReminderUITests" */;
			buildPhases = (
				309EF1941C03AE9000B6ADE7 /* Sources */,
				309EF1951C03AE9000B6ADE7 /* Frameworks */,
				309EF1961C03AE9000B6ADE7 /* Resources */,
			);
			buildRules = (
			);
			dependencies = (
				309EF19A1C03AE9000B6ADE7 /* PBXTargetDependency */,
			);
			name = ReminderUITests;
			productName = ReminderUITests;
			productReference = 309EF1981C03AE9000B6ADE7 /* ReminderUITests.xctest */;
			productType = "com.apple.product-type.bundle.ui-testing";
		};
/* End PBXNativeTarget section */

/* Begin PBXProject section */
		309EF16C1C03AE8F00B6ADE7 /* Project object */ = {
			isa = PBXProject;
			attributes = {
				LastUpgradeCheck = 0710;
				ORGANIZATIONNAME = "Roman Salazar Lopez";
				TargetAttributes = {
					309EF1731C03AE8F00B6ADE7 = {
						CreatedOnToolsVersion = 7.1;
						DevelopmentTeam = C8LRG9WET8;
						SystemCapabilities = {
							com.apple.Maps.iOS = {
								enabled = 1;
							};
						};
					};
					309EF18C1C03AE9000B6ADE7 = {
						CreatedOnToolsVersion = 7.1;
						DevelopmentTeam = C8LRG9WET8;
						TestTargetID = 309EF1731C03AE8F00B6ADE7;
					};
					309EF1971C03AE9000B6ADE7 = {
						CreatedOnToolsVersion = 7.1;
						DevelopmentTeam = C8LRG9WET8;
						TestTargetID = 309EF1731C03AE8F00B6ADE7;
					};
				};
			};
			buildConfigurationList = 309EF16F1C03AE8F00B6ADE7 /* Build configuration list for PBXProject "Reminder" */;
			compatibilityVersion = "Xcode 3.2";
			developmentRegion = English;
			hasScannedForEncodings = 0;
			knownRegions = (
				en,
				Base,
			);
			mainGroup = 309EF16B1C03AE8F00B6ADE7;
			productRefGroup = 309EF1751C03AE8F00B6ADE7 /* Products */;
			projectDirPath = "";
			projectRoot = "";
			targets = (
				309EF1731C03AE8F00B6ADE7 /* Reminder */,
				309EF18C1C03AE9000B6ADE7 /* ReminderTests */,
				309EF1971C03AE9000B6ADE7 /* ReminderUITests */,
			);
		};
/* End PBXProject section */

/* Begin PBXResourcesBuildPhase section */
		309EF1721C03AE8F00B6ADE7 /* Resources */ = {
			isa = PBXResourcesBuildPhase;
			buildActionMask = 2147483647;
			files = (
				309EF1871C03AE8F00B6ADE7 /* LaunchScreen.storyboard in Resources */,
				309EF1841C03AE8F00B6ADE7 /* Assets.xcassets in Resources */,
				309EF1821C03AE8F00B6ADE7 /* Main.storyboard in Resources */,
			);
			runOnlyForDeploymentPostprocessing = 0;
		};
		309EF18B1C03AE9000B6ADE7 /* Resources */ = {
			isa = PBXResourcesBuildPhase;
			buildActionMask = 2147483647;
			files = (
			);
			runOnlyForDeploymentPostprocessing = 0;
		};
		309EF1961C03AE9000B6ADE7 /* Resources */ = {
			isa = PBXResourcesBuildPhase;
			buildActionMask = 2147483647;
			files = (
			);
			runOnlyForDeploymentPostprocessing = 0;
		};
/* End PBXResourcesBuildPhase section */

/* Begin PBXSourcesBuildPhase section */
		309EF1701C03AE8F00B6ADE7 /* Sources */ = {
			isa = PBXSourcesBuildPhase;
			buildActionMask = 2147483647;
			files = (
				309EF1B41C05086800B6ADE7 /* LocationController.m in Sources */,
				309EF17F1C03AE8F00B6ADE7 /* ViewController.m in Sources */,
				309EF17C1C03AE8F00B6ADE7 /* AppDelegate.m in Sources */,
				309EF1791C03AE8F00B6ADE7 /* main.m in Sources */,
				309EF1B11C05062E00B6ADE7 /* Constants.m in Sources */,
				309EF1B71C053BE600B6ADE7 /* DetailViewController.m in Sources */,
				30246F0D1C06939400573D5F /* Reminder.m in Sources */,
			);
			runOnlyForDeploymentPostprocessing = 0;
		};
		309EF1891C03AE9000B6ADE7 /* Sources */ = {
			isa = PBXSourcesBuildPhase;
			buildActionMask = 2147483647;
			files = (
				309EF1921C03AE9000B6ADE7 /* ReminderTests.m in Sources */,
			);
			runOnlyForDeploymentPostprocessing = 0;
		};
		309EF1941C03AE9000B6ADE7 /* Sources */ = {
			isa = PBXSourcesBuildPhase;
			buildActionMask = 2147483647;
			files = (
				309EF19D1C03AE9000B6ADE7 /* ReminderUITests.m in Sources */,
			);
			runOnlyForDeploymentPostprocessing = 0;
		};
/* End PBXSourcesBuildPhase section */

/* Begin PBXTargetDependency section */
		309EF18F1C03AE9000B6ADE7 /* PBXTargetDependency */ = {
			isa = PBXTargetDependency;
			target = 309EF1731C03AE8F00B6ADE7 /* Reminder */;
			targetProxy = 309EF18E1C03AE9000B6ADE7 /* PBXContainerItemProxy */;
		};
		309EF19A1C03AE9000B6ADE7 /* PBXTargetDependency */ = {
			isa = PBXTargetDependency;
			target = 309EF1731C03AE8F00B6ADE7 /* Reminder */;
			targetProxy = 309EF1991C03AE9000B6ADE7 /* PBXContainerItemProxy */;
		};
/* End PBXTargetDependency section */

/* Begin PBXVariantGroup section */
		309EF1801C03AE8F00B6ADE7 /* Main.storyboard */ = {
			isa = PBXVariantGroup;
			children = (
				309EF1811C03AE8F00B6ADE7 /* Base */,
			);
			name = Main.storyboard;
			sourceTree = "<group>";
		};
		309EF1851C03AE8F00B6ADE7 /* LaunchScreen.storyboard */ = {
			isa = PBXVariantGroup;
			children = (
				309EF1861C03AE8F00B6ADE7 /* Base */,
			);
			name = LaunchScreen.storyboard;
			sourceTree = "<group>";
		};
/* End PBXVariantGroup section */

/* Begin XCBuildConfiguration section */
		309EF19F1C03AE9000B6ADE7 /* Debug */ = {
			isa = XCBuildConfiguration;
			buildSettings = {
				ALWAYS_SEARCH_USER_PATHS = NO;
				CLANG_CXX_LANGUAGE_STANDARD = "gnu++0x";
				CLANG_CXX_LIBRARY = "libc++";
				CLANG_ENABLE_MODULES = YES;
				CLANG_ENABLE_OBJC_ARC = YES;
				CLANG_WARN_BOOL_CONVERSION = YES;
				CLANG_WARN_CONSTANT_CONVERSION = YES;
				CLANG_WARN_DIRECT_OBJC_ISA_USAGE = YES_ERROR;
				CLANG_WARN_EMPTY_BODY = YES;
				CLANG_WARN_ENUM_CONVERSION = YES;
				CLANG_WARN_INT_CONVERSION = YES;
				CLANG_WARN_OBJC_ROOT_CLASS = YES_ERROR;
				CLANG_WARN_UNREACHABLE_CODE = YES;
				CLANG_WARN__DUPLICATE_METHOD_MATCH = YES;
				"CODE_SIGN_IDENTITY[sdk=iphoneos*]" = "iPhone Developer";
				COPY_PHASE_STRIP = NO;
				DEBUG_INFORMATION_FORMAT = dwarf;
				ENABLE_STRICT_OBJC_MSGSEND = YES;
				ENABLE_TESTABILITY = YES;
				GCC_C_LANGUAGE_STANDARD = gnu99;
				GCC_DYNAMIC_NO_PIC = NO;
				GCC_NO_COMMON_BLOCKS = YES;
				GCC_OPTIMIZATION_LEVEL = 0;
				GCC_PREPROCESSOR_DEFINITIONS = (
					"DEBUG=1",
					"$(inherited)",
				);
				GCC_WARN_64_TO_32_BIT_CONVERSION = YES;
				GCC_WARN_ABOUT_RETURN_TYPE = YES_ERROR;
				GCC_WARN_UNDECLARED_SELECTOR = YES;
				GCC_WARN_UNINITIALIZED_AUTOS = YES_AGGRESSIVE;
				GCC_WARN_UNUSED_FUNCTION = YES;
				GCC_WARN_UNUSED_VARIABLE = YES;
				IPHONEOS_DEPLOYMENT_TARGET = 9.1;
				MTL_ENABLE_DEBUG_INFO = YES;
				ONLY_ACTIVE_ARCH = YES;
				SDKROOT = iphoneos;
			};
			name = Debug;
		};
		309EF1A01C03AE9000B6ADE7 /* Release */ = {
			isa = XCBuildConfiguration;
			buildSettings = {
				ALWAYS_SEARCH_USER_PATHS = NO;
				CLANG_CXX_LANGUAGE_STANDARD = "gnu++0x";
				CLANG_CXX_LIBRARY = "libc++";
				CLANG_ENABLE_MODULES = YES;
				CLANG_ENABLE_OBJC_ARC = YES;
				CLANG_WARN_BOOL_CONVERSION = YES;
				CLANG_WARN_CONSTANT_CONVERSION = YES;
				CLANG_WARN_DIRECT_OBJC_ISA_USAGE = YES_ERROR;
				CLANG_WARN_EMPTY_BODY = YES;
				CLANG_WARN_ENUM_CONVERSION = YES;
				CLANG_WARN_INT_CONVERSION = YES;
				CLANG_WARN_OBJC_ROOT_CLASS = YES_ERROR;
				CLANG_WARN_UNREACHABLE_CODE = YES;
				CLANG_WARN__DUPLICATE_METHOD_MATCH = YES;
				"CODE_SIGN_IDENTITY[sdk=iphoneos*]" = "iPhone Developer";
				COPY_PHASE_STRIP = NO;
				DEBUG_INFORMATION_FORMAT = "dwarf-with-dsym";
				ENABLE_NS_ASSERTIONS = NO;
				ENABLE_STRICT_OBJC_MSGSEND = YES;
				GCC_C_LANGUAGE_STANDARD = gnu99;
				GCC_NO_COMMON_BLOCKS = YES;
				GCC_WARN_64_TO_32_BIT_CONVERSION = YES;
				GCC_WARN_ABOUT_RETURN_TYPE = YES_ERROR;
				GCC_WARN_UNDECLARED_SELECTOR = YES;
				GCC_WARN_UNINITIALIZED_AUTOS = YES_AGGRESSIVE;
				GCC_WARN_UNUSED_FUNCTION = YES;
				GCC_WARN_UNUSED_VARIABLE = YES;
				IPHONEOS_DEPLOYMENT_TARGET = 9.1;
				MTL_ENABLE_DEBUG_INFO = NO;
				SDKROOT = iphoneos;
				VALIDATE_PRODUCT = YES;
			};
			name = Release;
		};
		309EF1A21C03AE9000B6ADE7 /* Debug */ = {
			isa = XCBuildConfiguration;
			buildSettings = {
				ASSETCATALOG_COMPILER_APPICON_NAME = AppIcon;
				FRAMEWORK_SEARCH_PATHS = (
					"$(inherited)",
					"$(PROJECT_DIR)/parse-library-1.10.0",
					"$(PROJECT_DIR)",
				);
				INFOPLIST_FILE = Reminder/Info.plist;
				IPHONEOS_DEPLOYMENT_TARGET = 8.0;
				LD_RUNPATH_SEARCH_PATHS = "$(inherited) @executable_path/Frameworks";
				PRODUCT_BUNDLE_IDENTIFIER = com.romansalazar.Reminder;
				PRODUCT_NAME = "$(TARGET_NAME)";
			};
			name = Debug;
		};
		309EF1A31C03AE9000B6ADE7 /* Release */ = {
			isa = XCBuildConfiguration;
			buildSettings = {
				ASSETCATALOG_COMPILER_APPICON_NAME = AppIcon;
				FRAMEWORK_SEARCH_PATHS = (
					"$(inherited)",
					"$(PROJECT_DIR)/parse-library-1.10.0",
					"$(PROJECT_DIR)",
				);
				INFOPLIST_FILE = Reminder/Info.plist;
				IPHONEOS_DEPLOYMENT_TARGET = 8.0;
				LD_RUNPATH_SEARCH_PATHS = "$(inherited) @executable_path/Frameworks";
				PRODUCT_BUNDLE_IDENTIFIER = com.romansalazar.Reminder;
				PRODUCT_NAME = "$(TARGET_NAME)";
			};
			name = Release;
		};
		309EF1A51C03AE9000B6ADE7 /* Debug */ = {
			isa = XCBuildConfiguration;
			buildSettings = {
				BUNDLE_LOADER = "$(TEST_HOST)";
				INFOPLIST_FILE = ReminderTests/Info.plist;
				LD_RUNPATH_SEARCH_PATHS = "$(inherited) @executable_path/Frameworks @loader_path/Frameworks";
				PRODUCT_BUNDLE_IDENTIFIER = com.romansalazar.ReminderTests;
				PRODUCT_NAME = "$(TARGET_NAME)";
				TEST_HOST = "$(BUILT_PRODUCTS_DIR)/Reminder.app/Reminder";
			};
			name = Debug;
		};
		309EF1A61C03AE9000B6ADE7 /* Release */ = {
			isa = XCBuildConfiguration;
			buildSettings = {
				BUNDLE_LOADER = "$(TEST_HOST)";
				INFOPLIST_FILE = ReminderTests/Info.plist;
				LD_RUNPATH_SEARCH_PATHS = "$(inherited) @executable_path/Frameworks @loader_path/Frameworks";
				PRODUCT_BUNDLE_IDENTIFIER = com.romansalazar.ReminderTests;
				PRODUCT_NAME = "$(TARGET_NAME)";
				TEST_HOST = "$(BUILT_PRODUCTS_DIR)/Reminder.app/Reminder";
			};
			name = Release;
		};
		309EF1A81C03AE9000B6ADE7 /* Debug */ = {
			isa = XCBuildConfiguration;
			buildSettings = {
				INFOPLIST_FILE = ReminderUITests/Info.plist;
				LD_RUNPATH_SEARCH_PATHS = "$(inherited) @executable_path/Frameworks @loader_path/Frameworks";
				PRODUCT_BUNDLE_IDENTIFIER = com.romansalazar.ReminderUITests;
				PRODUCT_NAME = "$(TARGET_NAME)";
				TEST_TARGET_NAME = Reminder;
				USES_XCTRUNNER = YES;
			};
			name = Debug;
		};
		309EF1A91C03AE9000B6ADE7 /* Release */ = {
			isa = XCBuildConfiguration;
			buildSettings = {
				INFOPLIST_FILE = ReminderUITests/Info.plist;
				LD_RUNPATH_SEARCH_PATHS = "$(inherited) @executable_path/Frameworks @loader_path/Frameworks";
				PRODUCT_BUNDLE_IDENTIFIER = com.romansalazar.ReminderUITests;
				PRODUCT_NAME = "$(TARGET_NAME)";
				TEST_TARGET_NAME = Reminder;
				USES_XCTRUNNER = YES;
			};
			name = Release;
		};
/* End XCBuildConfiguration section */

/* Begin XCConfigurationList section */
		309EF16F1C03AE8F00B6ADE7 /* Build configuration list for PBXProject "Reminder" */ = {
			isa = XCConfigurationList;
			buildConfigurations = (
				309EF19F1C03AE9000B6ADE7 /* Debug */,
				309EF1A01C03AE9000B6ADE7 /* Release */,
			);
			defaultConfigurationIsVisible = 0;
			defaultConfigurationName = Release;
		};
		309EF1A11C03AE9000B6ADE7 /* Build configuration list for PBXNativeTarget "Reminder" */ = {
			isa = XCConfigurationList;
			buildConfigurations = (
				309EF1A21C03AE9000B6ADE7 /* Debug */,
				309EF1A31C03AE9000B6ADE7 /* Release */,
			);
			defaultConfigurationIsVisible = 0;
			defaultConfigurationName = Release;
		};
		309EF1A41C03AE9000B6ADE7 /* Build configuration list for PBXNativeTarget "ReminderTests" */ = {
			isa = XCConfigurationList;
			buildConfigurations = (
				309EF1A51C03AE9000B6ADE7 /* Debug */,
				309EF1A61C03AE9000B6ADE7 /* Release */,
			);
			defaultConfigurationIsVisible = 0;
			defaultConfigurationName = Release;
		};
		309EF1A71C03AE9000B6ADE7 /* Build configuration list for PBXNativeTarget "ReminderUITests" */ = {
			isa = XCConfigurationList;
			buildConfigurations = (
				309EF1A81C03AE9000B6ADE7 /* Debug */,
				309EF1A91C03AE9000B6ADE7 /* Release */,
			);
			defaultConfigurationIsVisible = 0;
			defaultConfigurationName = Release;
		};
/* End XCConfigurationList section */
	};
	rootObject = 309EF16C1C03AE8F00B6ADE7 /* Project object */;
}
